
Microsoft Visual Studio Solution File, Format Version 12.00
# Visual Studio Version 16
VisualStudioVersion = 16.0.30711.63
MinimumVisualStudioVersion = 10.0.40219.1
Project("{FAE04EC0-301F-11D3-BF4B-00C04F79EFBC}") = "MvvmExample", "MvvmExample\MvvmExample.csproj", "{BCD29626-AD01-40E3-BC9D-026AE44EBC76}"
EndProject
Project("{9A19103F-16F7-4668-BE54-9A1E7A4F7556}") = "MvvmExample.DataAccess", "MvvmExample.DataAccess\MvvmExample.DataAccess.csproj", "{92BFFF07-A2F0-438F-88A8-EF0F1C3066FB}"
EndProject
Project("{9A19103F-16F7-4668-BE54-9A1E7A4F7556}") = "MvvmExample.Logic", "MvvmExample.Logic\MvvmExample.Logic.csproj", "{5E2B65CB-CDEC-4C14-AA3B-6E2CAEB87C80}"
EndProject
Project("{FAE04EC0-301F-11D3-BF4B-00C04F79EFBC}") = "MvvmExample.Logic.Tests", "MvvmExample.Logic.Tests\MvvmExample.Logic.Tests.csproj", "{63106D41-D803-4F16-892B-D2750F7BEF2A}"
EndProject
Global
	GlobalSection(SolutionConfigurationPlatforms) = preSolution
		Debug|Any CPU = Debug|Any CPU
		Release|Any CPU = Release|Any CPU
	EndGlobalSection
	GlobalSection(ProjectConfigurationPlatforms) = postSolution
		{BCD29626-AD01-40E3-BC9D-026AE44EBC76}.Debug|Any CPU.ActiveCfg = Debug|Any CPU
		{BCD29626-AD01-40E3-BC9D-026AE44EBC76}.Debug|Any CPU.Build.0 = Debug|Any CPU
		{BCD29626-AD01-40E3-BC9D-026AE44EBC76}.Release|Any CPU.ActiveCfg = Release|Any CPU
		{BCD29626-AD01-40E3-BC9D-026AE44EBC76}.Release|Any CPU.Build.0 = Release|Any CPU
		{92BFFF07-A2F0-438F-88A8-EF0F1C3066FB}.Debug|Any CPU.ActiveCfg = Debug|Any CPU
		{92BFFF07-A2F0-438F-88A8-EF0F1C3066FB}.Debug|Any CPU.Build.0 = Debug|Any CPU
		{92BFFF07-A2F0-438F-88A8-EF0F1C3066FB}.Release|Any CPU.ActiveCfg = Release|Any CPU
		{92BFFF07-A2F0-438F-88A8-EF0F1C3066FB}.Release|Any CPU.Build.0 = Release|Any CPU
		{5E2B65CB-CDEC-4C14-AA3B-6E2CAEB87C80}.Debug|Any CPU.ActiveCfg = Debug|Any CPU
		{5E2B65CB-CDEC-4C14-AA3B-6E2CAEB87C80}.Debug|Any CPU.Build.0 = Debug|Any CPU
		{5E2B65CB-CDEC-4C14-AA3B-6E2CAEB87C80}.Release|Any CPU.ActiveCfg = Release|Any CPU
		{5E2B65CB-CDEC-4C14-AA3B-6E2CAEB87C80}.Release|Any CPU.Build.0 = Release|Any CPU
		{63106D41-D803-4F16-892B-D2750F7BEF2A}.Debug|Any CPU.ActiveCfg = Debug|Any CPU
		{63106D41-D803-4F16-892B-D2750F7BEF2A}.Debug|Any CPU.Build.0 = Debug|Any CPU
		{63106D41-D803-4F16-892B-D2750F7BEF2A}.Release|Any CPU.ActiveCfg = Release|Any CPU
		{63106D41-D803-4F16-892B-D2750F7BEF2A}.Release|Any CPU.Build.0 = Release|Any CPU
	EndGlobalSection
	GlobalSection(SolutionProperties) = preSolution
		HideSolutionNode = FALSE
	EndGlobalSection
	GlobalSection(ExtensibilityGlobals) = postSolution
		SolutionGuid = {27B5A42D-BD07-41B7-8B80-87D3A72DE37E}
	EndGlobalSection
EndGlobal
